// !$*UTF8*$!
{
	archiveVersion = 1;
	classes = {
	};
	objectVersion = 46;
	objects = {

/* Begin PBXBuildFile section */
		6118861E1DEF3B550087A57E /* main.m in Sources */ = {isa = PBXBuildFile; fileRef = 6118861D1DEF3B550087A57E /* main.m */; };
		611886211DEF3B550087A57E /* AppDelegate.m in Sources */ = {isa = PBXBuildFile; fileRef = 611886201DEF3B550087A57E /* AppDelegate.m */; };
		611886241DEF3B550087A57E /* ViewController.m in Sources */ = {isa = PBXBuildFile; fileRef = 611886231DEF3B550087A57E /* ViewController.m */; };
		611886271DEF3B550087A57E /* Main.storyboard in Resources */ = {isa = PBXBuildFile; fileRef = 611886251DEF3B550087A57E /* Main.storyboard */; };
		611886291DEF3B550087A57E /* Assets.xcassets in Resources */ = {isa = PBXBuildFile; fileRef = 611886281DEF3B550087A57E /* Assets.xcassets */; };
		6118862C1DEF3B550087A57E /* LaunchScreen.storyboard in Resources */ = {isa = PBXBuildFile; fileRef = 6118862A1DEF3B550087A57E /* LaunchScreen.storyboard */; };
		611886371DEF3B560087A57E /* NotificationTestTests.m in Sources */ = {isa = PBXBuildFile; fileRef = 611886361DEF3B560087A57E /* NotificationTestTests.m */; };
		611886421DEF3B560087A57E /* NotificationTestUITests.m in Sources */ = {isa = PBXBuildFile; fileRef = 611886411DEF3B560087A57E /* NotificationTestUITests.m */; };
		611886561DEF3B810087A57E /* UserNotifications.framework in Frameworks */ = {isa = PBXBuildFile; fileRef = 611886551DEF3B810087A57E /* UserNotifications.framework */; };
		611886581DEF3B810087A57E /* UserNotificationsUI.framework in Frameworks */ = {isa = PBXBuildFile; fileRef = 611886571DEF3B810087A57E /* UserNotificationsUI.framework */; };
		6118865C1DEF3B810087A57E /* NotificationViewController.m in Sources */ = {isa = PBXBuildFile; fileRef = 6118865B1DEF3B810087A57E /* NotificationViewController.m */; };
		6118865F1DEF3B810087A57E /* MainInterface.storyboard in Resources */ = {isa = PBXBuildFile; fileRef = 6118865D1DEF3B810087A57E /* MainInterface.storyboard */; };
		611886631DEF3B810087A57E /* NotificationCrash.appex in Embed App Extensions */ = {isa = PBXBuildFile; fileRef = 611886531DEF3B810087A57E /* NotificationCrash.appex */; settings = {ATTRIBUTES = (RemoveHeadersOnCopy, ); }; };
		611886681DEF3C3D0087A57E /* UserNotifications.framework in Frameworks */ = {isa = PBXBuildFile; fileRef = 611886551DEF3B810087A57E /* UserNotifications.framework */; };
/* End PBXBuildFile section */

/* Begin PBXContainerItemProxy section */
		611886331DEF3B560087A57E /* PBXContainerItemProxy */ = {
			isa = PBXContainerItemProxy;
			containerPortal = 611886111DEF3B550087A57E /* Project object */;
			proxyType = 1;
			remoteGlobalIDString = 611886181DEF3B550087A57E;
			remoteInfo = NotificationTest;
		};
		6118863E1DEF3B560087A57E /* PBXContainerItemProxy */ = {
			isa = PBXContainerItemProxy;
			containerPortal = 611886111DEF3B550087A57E /* Project object */;
			proxyType = 1;
			remoteGlobalIDString = 611886181DEF3B550087A57E;
			remoteInfo = NotificationTest;
		};
		611886611DEF3B810087A57E /* PBXContainerItemProxy */ = {
			isa = PBXContainerItemProxy;
			containerPortal = 611886111DEF3B550087A57E /* Project object */;
			proxyType = 1;
			remoteGlobalIDString = 611886521DEF3B810087A57E;
			remoteInfo = NotificationCrash;
		};
/* End PBXContainerItemProxy section */

/* Begin PBXCopyFilesBuildPhase section */
		611886671DEF3B810087A57E /* Embed App Extensions */ = {
			isa = PBXCopyFilesBuildPhase;
			buildActionMask = 2147483647;
			dstPath = "";
			dstSubfolderSpec = 13;
			files = (
				611886631DEF3B810087A57E /* NotificationCrash.appex in Embed App Extensions */,
			);
			name = "Embed App Extensions";
			runOnlyForDeploymentPostprocessing = 0;
		};
/* End PBXCopyFilesBuildPhase section */

/* Begin PBXFileReference section */
		611886191DEF3B550087A57E /* NotificationTest.app */ = {isa = PBXFileReference; explicitFileType = wrapper.application; includeInIndex = 0; path = NotificationTest.app; sourceTree = BUILT_PRODUCTS_DIR; };
		6118861D1DEF3B550087A57E /* main.m */ = {isa = PBXFileReference; lastKnownFileType = sourcecode.c.objc; path = main.m; sourceTree = "<group>"; };
		6118861F1DEF3B550087A57E /* AppDelegate.h */ = {isa = PBXFileReference; lastKnownFileType = sourcecode.c.h; path = AppDelegate.h; sourceTree = "<group>"; };
		611886201DEF3B550087A57E /* AppDelegate.m */ = {isa = PBXFileReference; lastKnownFileType = sourcecode.c.objc; path = AppDelegate.m; sourceTree = "<group>"; };
		611886221DEF3B550087A57E /* ViewController.h */ = {isa = PBXFileReference; lastKnownFileType = sourcecode.c.h; path = ViewController.h; sourceTree = "<group>"; };
		611886231DEF3B550087A57E /* ViewController.m */ = {isa = PBXFileReference; lastKnownFileType = sourcecode.c.objc; path = ViewController.m; sourceTree = "<group>"; };
		611886261DEF3B550087A57E /* Base */ = {isa = PBXFileReference; lastKnownFileType = file.storyboard; name = Base; path = Base.lproj/Main.storyboard; sourceTree = "<group>"; };
		611886281DEF3B550087A57E /* Assets.xcassets */ = {isa = PBXFileReference; lastKnownFileType = folder.assetcatalog; path = Assets.xcassets; sourceTree = "<group>"; };
		6118862B1DEF3B550087A57E /* Base */ = {isa = PBXFileReference; lastKnownFileType = file.storyboard; name = Base; path = Base.lproj/LaunchScreen.storyboard; sourceTree = "<group>"; };
		6118862D1DEF3B550087A57E /* Info.plist */ = {isa = PBXFileReference; lastKnownFileType = text.plist.xml; path = Info.plist; sourceTree = "<group>"; };
		611886321DEF3B560087A57E /* NotificationTestTests.xctest */ = {isa = PBXFileReference; explicitFileType = wrapper.cfbundle; includeInIndex = 0; path = NotificationTestTests.xctest; sourceTree = BUILT_PRODUCTS_DIR; };
		611886361DEF3B560087A57E /* NotificationTestTests.m */ = {isa = PBXFileReference; lastKnownFileType = sourcecode.c.objc; path = NotificationTestTests.m; sourceTree = "<group>"; };
		611886381DEF3B560087A57E /* Info.plist */ = {isa = PBXFileReference; lastKnownFileType = text.plist.xml; path = Info.plist; sourceTree = "<group>"; };
		6118863D1DEF3B560087A57E /* NotificationTestUITests.xctest */ = {isa = PBXFileReference; explicitFileType = wrapper.cfbundle; includeInIndex = 0; path = NotificationTestUITests.xctest; sourceTree = BUILT_PRODUCTS_DIR; };
		611886411DEF3B560087A57E /* NotificationTestUITests.m */ = {isa = PBXFileReference; lastKnownFileType = sourcecode.c.objc; path = NotificationTestUITests.m; sourceTree = "<group>"; };
		611886431DEF3B560087A57E /* Info.plist */ = {isa = PBXFileReference; lastKnownFileType = text.plist.xml; path = Info.plist; sourceTree = "<group>"; };
		611886531DEF3B810087A57E /* NotificationCrash.appex */ = {isa = PBXFileReference; explicitFileType = "wrapper.app-extension"; includeInIndex = 0; path = NotificationCrash.appex; sourceTree = BUILT_PRODUCTS_DIR; };
		611886551DEF3B810087A57E /* UserNotifications.framework */ = {isa = PBXFileReference; lastKnownFileType = wrapper.framework; name = UserNotifications.framework; path = System/Library/Frameworks/UserNotifications.framework; sourceTree = SDKROOT; };
		611886571DEF3B810087A57E /* UserNotificationsUI.framework */ = {isa = PBXFileReference; lastKnownFileType = wrapper.framework; name = UserNotificationsUI.framework; path = System/Library/Frameworks/UserNotificationsUI.framework; sourceTree = SDKROOT; };
		6118865A1DEF3B810087A57E /* NotificationViewController.h */ = {isa = PBXFileReference; lastKnownFileType = sourcecode.c.h; path = NotificationViewController.h; sourceTree = "<group>"; };
		6118865B1DEF3B810087A57E /* NotificationViewController.m */ = {isa = PBXFileReference; lastKnownFileType = sourcecode.c.objc; path = NotificationViewController.m; sourceTree = "<group>"; };
		6118865E1DEF3B810087A57E /* Base */ = {isa = PBXFileReference; lastKnownFileType = file.storyboard; name = Base; path = Base.lproj/MainInterface.storyboard; sourceTree = "<group>"; };
		611886601DEF3B810087A57E /* Info.plist */ = {isa = PBXFileReference; lastKnownFileType = text.plist.xml; path = Info.plist; sourceTree = "<group>"; };
/* End PBXFileReference section */

/* Begin PBXFrameworksBuildPhase section */
		611886161DEF3B550087A57E /* Frameworks */ = {
			isa = PBXFrameworksBuildPhase;
			buildActionMask = 2147483647;
			files = (
				611886681DEF3C3D0087A57E /* UserNotifications.framework in Frameworks */,
			);
			runOnlyForDeploymentPostprocessing = 0;
		};
		6118862F1DEF3B560087A57E /* Frameworks */ = {
			isa = PBXFrameworksBuildPhase;
			buildActionMask = 2147483647;
			files = (
			);
			runOnlyForDeploymentPostprocessing = 0;
		};
		6118863A1DEF3B560087A57E /* Frameworks */ = {
			isa = PBXFrameworksBuildPhase;
			buildActionMask = 2147483647;
			files = (
			);
			runOnlyForDeploymentPostprocessing = 0;
		};
		611886501DEF3B810087A57E /* Frameworks */ = {
			isa = PBXFrameworksBuildPhase;
			buildActionMask = 2147483647;
			files = (
				611886581DEF3B810087A57E /* UserNotificationsUI.framework in Frameworks */,
				611886561DEF3B810087A57E /* UserNotifications.framework in Frameworks */,
			);
			runOnlyForDeploymentPostprocessing = 0;
		};
/* End PBXFrameworksBuildPhase section */

/* Begin PBXGroup section */
		611886101DEF3B550087A57E = {
			isa = PBXGroup;
			children = (
				6118861B1DEF3B550087A57E /* NotificationTest */,
				611886351DEF3B560087A57E /* NotificationTestTests */,
				611886401DEF3B560087A57E /* NotificationTestUITests */,
				611886591DEF3B810087A57E /* NotificationCrash */,
				611886541DEF3B810087A57E /* Frameworks */,
				6118861A1DEF3B550087A57E /* Products */,
			);
			sourceTree = "<group>";
		};
		6118861A1DEF3B550087A57E /* Products */ = {
			isa = PBXGroup;
			children = (
				611886191DEF3B550087A57E /* NotificationTest.app */,
				611886321DEF3B560087A57E /* NotificationTestTests.xctest */,
				6118863D1DEF3B560087A57E /* NotificationTestUITests.xctest */,
				611886531DEF3B810087A57E /* NotificationCrash.appex */,
			);
			name = Products;
			sourceTree = "<group>";
		};
		6118861B1DEF3B550087A57E /* NotificationTest */ = {
			isa = PBXGroup;
			children = (
				6118861F1DEF3B550087A57E /* AppDelegate.h */,
				611886201DEF3B550087A57E /* AppDelegate.m */,
				611886221DEF3B550087A57E /* ViewController.h */,
				611886231DEF3B550087A57E /* ViewController.m */,
				611886251DEF3B550087A57E /* Main.storyboard */,
				611886281DEF3B550087A57E /* Assets.xcassets */,
				6118862A1DEF3B550087A57E /* LaunchScreen.storyboard */,
				6118862D1DEF3B550087A57E /* Info.plist */,
				6118861C1DEF3B550087A57E /* Supporting Files */,
			);
			path = NotificationTest;
			sourceTree = "<group>";
		};
		6118861C1DEF3B550087A57E /* Supporting Files */ = {
			isa = PBXGroup;
			children = (
				6118861D1DEF3B550087A57E /* main.m */,
			);
			name = "Supporting Files";
			sourceTree = "<group>";
		};
		611886351DEF3B560087A57E /* NotificationTestTests */ = {
			isa = PBXGroup;
			children = (
				611886361DEF3B560087A57E /* NotificationTestTests.m */,
				611886381DEF3B560087A57E /* Info.plist */,
			);
			path = NotificationTestTests;
			sourceTree = "<group>";
		};
		611886401DEF3B560087A57E /* NotificationTestUITests */ = {
			isa = PBXGroup;
			children = (
				611886411DEF3B560087A57E /* NotificationTestUITests.m */,
				611886431DEF3B560087A57E /* Info.plist */,
			);
			path = NotificationTestUITests;
			sourceTree = "<group>";
		};
		611886541DEF3B810087A57E /* Frameworks */ = {
			isa = PBXGroup;
			children = (
				611886551DEF3B810087A57E /* UserNotifications.framework */,
				611886571DEF3B810087A57E /* UserNotificationsUI.framework */,
			);
			name = Frameworks;
			sourceTree = "<group>";
		};
		611886591DEF3B810087A57E /* NotificationCrash */ = {
			isa = PBXGroup;
			children = (
				6118865A1DEF3B810087A57E /* NotificationViewController.h */,
				6118865B1DEF3B810087A57E /* NotificationViewController.m */,
				6118865D1DEF3B810087A57E /* MainInterface.storyboard */,
				611886601DEF3B810087A57E /* Info.plist */,
			);
			path = NotificationCrash;
			sourceTree = "<group>";
		};
/* End PBXGroup section */

/* Begin PBXNativeTarget section */
		611886181DEF3B550087A57E /* NotificationTest */ = {
			isa = PBXNativeTarget;
			buildConfigurationList = 611886461DEF3B560087A57E /* Build configuration list for PBXNativeTarget "NotificationTest" */;
			buildPhases = (
				611886151DEF3B550087A57E /* Sources */,
				611886161DEF3B550087A57E /* Frameworks */,
				611886171DEF3B550087A57E /* Resources */,
				611886671DEF3B810087A57E /* Embed App Extensions */,
			);
			buildRules = (
			);
			dependencies = (
				611886621DEF3B810087A57E /* PBXTargetDependency */,
			);
			name = NotificationTest;
			productName = NotificationTest;
			productReference = 611886191DEF3B550087A57E /* NotificationTest.app */;
			productType = "com.apple.product-type.application";
		};
		611886311DEF3B560087A57E /* NotificationTestTests */ = {
			isa = PBXNativeTarget;
			buildConfigurationList = 611886491DEF3B560087A57E /* Build configuration list for PBXNativeTarget "NotificationTestTests" */;
			buildPhases = (
				6118862E1DEF3B560087A57E /* Sources */,
				6118862F1DEF3B560087A57E /* Frameworks */,
				611886301DEF3B560087A57E /* Resources */,
			);
			buildRules = (
			);
			dependencies = (
				611886341DEF3B560087A57E /* PBXTargetDependency */,
			);
			name = NotificationTestTests;
			productName = NotificationTestTests;
			productReference = 611886321DEF3B560087A57E /* NotificationTestTests.xctest */;
			productType = "com.apple.product-type.bundle.unit-test";
		};
		6118863C1DEF3B560087A57E /* NotificationTestUITests */ = {
			isa = PBXNativeTarget;
			buildConfigurationList = 6118864C1DEF3B560087A57E /* Build configuration list for PBXNativeTarget "NotificationTestUITests" */;
			buildPhases = (
				611886391DEF3B560087A57E /* Sources */,
				6118863A1DEF3B560087A57E /* Frameworks */,
				6118863B1DEF3B560087A57E /* Resources */,
			);
			buildRules = (
			);
			dependencies = (
				6118863F1DEF3B560087A57E /* PBXTargetDependency */,
			);
			name = NotificationTestUITests;
			productName = NotificationTestUITests;
			productReference = 6118863D1DEF3B560087A57E /* NotificationTestUITests.xctest */;
			productType = "com.apple.product-type.bundle.ui-testing";
		};
		611886521DEF3B810087A57E /* NotificationCrash */ = {
			isa = PBXNativeTarget;
			buildConfigurationList = 611886641DEF3B810087A57E /* Build configuration list for PBXNativeTarget "NotificationCrash" */;
			buildPhases = (
				6118864F1DEF3B810087A57E /* Sources */,
				611886501DEF3B810087A57E /* Frameworks */,
				611886511DEF3B810087A57E /* Resources */,
			);
			buildRules = (
			);
			dependencies = (
			);
			name = NotificationCrash;
			productName = NotificationCrash;
			productReference = 611886531DEF3B810087A57E /* NotificationCrash.appex */;
			productType = "com.apple.product-type.app-extension";
		};
/* End PBXNativeTarget section */

/* Begin PBXProject section */
		611886111DEF3B550087A57E /* Project object */ = {
			isa = PBXProject;
			attributes = {
				LastUpgradeCheck = 0810;
				ORGANIZATIONNAME = "BIG HEALTH LTD";
				TargetAttributes = {
					611886181DEF3B550087A57E = {
						CreatedOnToolsVersion = 8.1;
						DevelopmentTeam = 76GXMPM24B;
						ProvisioningStyle = Automatic;
					};
					611886311DEF3B560087A57E = {
						CreatedOnToolsVersion = 8.1;
						DevelopmentTeam = 76GXMPM24B;
						ProvisioningStyle = Automatic;
						TestTargetID = 611886181DEF3B550087A57E;
					};
					6118863C1DEF3B560087A57E = {
						CreatedOnToolsVersion = 8.1;
						DevelopmentTeam = 76GXMPM24B;
						ProvisioningStyle = Automatic;
						TestTargetID = 611886181DEF3B550087A57E;
					};
					611886521DEF3B810087A57E = {
						CreatedOnToolsVersion = 8.1;
						DevelopmentTeam = 76GXMPM24B;
						ProvisioningStyle = Automatic;
					};
				};
			};
			buildConfigurationList = 611886141DEF3B550087A57E /* Build configuration list for PBXProject "NotificationTest" */;
			compatibilityVersion = "Xcode 3.2";
			developmentRegion = English;
			hasScannedForEncodings = 0;
			knownRegions = (
				en,
				Base,
			);
			mainGroup = 611886101DEF3B550087A57E;
			productRefGroup = 6118861A1DEF3B550087A57E /* Products */;
			projectDirPath = "";
			projectRoot = "";
			targets = (
				611886181DEF3B550087A57E /* NotificationTest */,
				611886311DEF3B560087A57E /* NotificationTestTests */,
				6118863C1DEF3B560087A57E /* NotificationTestUITests */,
				611886521DEF3B810087A57E /* NotificationCrash */,
			);
		};
/* End PBXProject section */

/* Begin PBXResourcesBuildPhase section */
		611886171DEF3B550087A57E /* Resources */ = {
			isa = PBXResourcesBuildPhase;
			buildActionMask = 2147483647;
			files = (
				6118862C1DEF3B550087A57E /* LaunchScreen.storyboard in Resources */,
				611886291DEF3B550087A57E /* Assets.xcassets in Resources */,
				611886271DEF3B550087A57E /* Main.storyboard in Resources */,
			);
			runOnlyForDeploymentPostprocessing = 0;
		};
		611886301DEF3B560087A57E /* Resources */ = {
			isa = PBXResourcesBuildPhase;
			buildActionMask = 2147483647;
			files = (
			);
			runOnlyForDeploymentPostprocessing = 0;
		};
		6118863B1DEF3B560087A57E /* Resources */ = {
			isa = PBXResourcesBuildPhase;
			buildActionMask = 2147483647;
			files = (
			);
			runOnlyForDeploymentPostprocessing = 0;
		};
		611886511DEF3B810087A57E /* Resources */ = {
			isa = PBXResourcesBuildPhase;
			buildActionMask = 2147483647;
			files = (
				6118865F1DEF3B810087A57E /* MainInterface.storyboard in Resources */,
			);
			runOnlyForDeploymentPostprocessing = 0;
		};
/* End PBXResourcesBuildPhase section */

/* Begin PBXSourcesBuildPhase section */
		611886151DEF3B550087A57E /* Sources */ = {
			isa = PBXSourcesBuildPhase;
			buildActionMask = 2147483647;
			files = (
				611886241DEF3B550087A57E /* ViewController.m in Sources */,
				611886211DEF3B550087A57E /* AppDelegate.m in Sources */,
				6118861E1DEF3B550087A57E /* main.m in Sources */,
			);
			runOnlyForDeploymentPostprocessing = 0;
		};
		6118862E1DEF3B560087A57E /* Sources */ = {
			isa = PBXSourcesBuildPhase;
			buildActionMask = 2147483647;
			files = (
				611886371DEF3B560087A57E /* NotificationTestTests.m in Sources */,
			);
			runOnlyForDeploymentPostprocessing = 0;
		};
		611886391DEF3B560087A57E /* Sources */ = {
			isa = PBXSourcesBuildPhase;
			buildActionMask = 2147483647;
			files = (
				611886421DEF3B560087A57E /* NotificationTestUITests.m in Sources */,
			);
			runOnlyForDeploymentPostprocessing = 0;
		};
		6118864F1DEF3B810087A57E /* Sources */ = {
			isa = PBXSourcesBuildPhase;
			buildActionMask = 2147483647;
			files = (
				6118865C1DEF3B810087A57E /* NotificationViewController.m in Sources */,
			);
			runOnlyForDeploymentPostprocessing = 0;
		};
/* End PBXSourcesBuildPhase section */

/* Begin PBXTargetDependency section */
		611886341DEF3B560087A57E /* PBXTargetDependency */ = {
			isa = PBXTargetDependency;
			target = 611886181DEF3B550087A57E /* NotificationTest */;
			targetProxy = 611886331DEF3B560087A57E /* PBXContainerItemProxy */;
		};
		6118863F1DEF3B560087A57E /* PBXTargetDependency */ = {
			isa = PBXTargetDependency;
			target = 611886181DEF3B550087A57E /* NotificationTest */;
			targetProxy = 6118863E1DEF3B560087A57E /* PBXContainerItemProxy */;
		};
		611886621DEF3B810087A57E /* PBXTargetDependency */ = {
			isa = PBXTargetDependency;
			target = 611886521DEF3B810087A57E /* NotificationCrash */;
			targetProxy = 611886611DEF3B810087A57E /* PBXContainerItemProxy */;
		};
/* End PBXTargetDependency section */

/* Begin PBXVariantGroup section */
		611886251DEF3B550087A57E /* Main.storyboard */ = {
			isa = PBXVariantGroup;
			children = (
				611886261DEF3B550087A57E /* Base */,
			);
			name = Main.storyboard;
			sourceTree = "<group>";
		};
		6118862A1DEF3B550087A57E /* LaunchScreen.storyboard */ = {
			isa = PBXVariantGroup;
			children = (
				6118862B1DEF3B550087A57E /* Base */,
			);
			name = LaunchScreen.storyboard;
			sourceTree = "<group>";
		};
		6118865D1DEF3B810087A57E /* MainInterface.storyboard */ = {
			isa = PBXVariantGroup;
			children = (
				6118865E1DEF3B810087A57E /* Base */,
			);
			name = MainInterface.storyboard;
			sourceTree = "<group>";
		};
/* End PBXVariantGroup section */

/* Begin XCBuildConfiguration section */
		611886441DEF3B560087A57E /* Debug */ = {
			isa = XCBuildConfiguration;
			buildSettings = {
				ALWAYS_SEARCH_USER_PATHS = NO;
				CLANG_ANALYZER_NONNULL = YES;
				CLANG_CXX_LANGUAGE_STANDARD = "gnu++0x";
				CLANG_CXX_LIBRARY = "libc++";
				CLANG_ENABLE_MODULES = YES;
				CLANG_ENABLE_OBJC_ARC = YES;
				CLANG_WARN_BOOL_CONVERSION = YES;
				CLANG_WARN_CONSTANT_CONVERSION = YES;
				CLANG_WARN_DIRECT_OBJC_ISA_USAGE = YES_ERROR;
				CLANG_WARN_DOCUMENTATION_COMMENTS = YES;
				CLANG_WARN_EMPTY_BODY = YES;
				CLANG_WARN_ENUM_CONVERSION = YES;
				CLANG_WARN_INFINITE_RECURSION = YES;
				CLANG_WARN_INT_CONVERSION = YES;
				CLANG_WARN_OBJC_ROOT_CLASS = YES_ERROR;
				CLANG_WARN_SUSPICIOUS_MOVES = YES;
				CLANG_WARN_UNREACHABLE_CODE = YES;
				CLANG_WARN__DUPLICATE_METHOD_MATCH = YES;
				"CODE_SIGN_IDENTITY[sdk=iphoneos*]" = "iPhone Developer";
				COPY_PHASE_STRIP = NO;
				DEBUG_INFORMATION_FORMAT = dwarf;
				ENABLE_STRICT_OBJC_MSGSEND = YES;
				ENABLE_TESTABILITY = YES;
				GCC_C_LANGUAGE_STANDARD = gnu99;
				GCC_DYNAMIC_NO_PIC = NO;
				GCC_NO_COMMON_BLOCKS = YES;
				GCC_OPTIMIZATION_LEVEL = 0;
				GCC_PREPROCESSOR_DEFINITIONS = (
					"DEBUG=1",
					"$(inherited)",
				);
				GCC_WARN_64_TO_32_BIT_CONVERSION = YES;
				GCC_WARN_ABOUT_RETURN_TYPE = YES_ERROR;
				GCC_WARN_UNDECLARED_SELECTOR = YES;
				GCC_WARN_UNINITIALIZED_AUTOS = YES_AGGRESSIVE;
				GCC_WARN_UNUSED_FUNCTION = YES;
				GCC_WARN_UNUSED_VARIABLE = YES;
				IPHONEOS_DEPLOYMENT_TARGET = 10.1;
				MTL_ENABLE_DEBUG_INFO = YES;
				ONLY_ACTIVE_ARCH = YES;
				SDKROOT = iphoneos;
				TARGETED_DEVICE_FAMILY = "1,2";
			};
			name = Debug;
		};
		611886451DEF3B560087A57E /* Release */ = {
			isa = XCBuildConfiguration;
			buildSettings = {
				ALWAYS_SEARCH_USER_PATHS = NO;
				CLANG_ANALYZER_NONNULL = YES;
				CLANG_CXX_LANGUAGE_STANDARD = "gnu++0x";
				CLANG_CXX_LIBRARY = "libc++";
				CLANG_ENABLE_MODULES = YES;
				CLANG_ENABLE_OBJC_ARC = YES;
				CLANG_WARN_BOOL_CONVERSION = YES;
				CLANG_WARN_CONSTANT_CONVERSION = YES;
				CLANG_WARN_DIRECT_OBJC_ISA_USAGE = YES_ERROR;
				CLANG_WARN_DOCUMENTATION_COMMENTS = YES;
				CLANG_WARN_EMPTY_BODY = YES;
				CLANG_WARN_ENUM_CONVERSION = YES;
				CLANG_WARN_INFINITE_RECURSION = YES;
				CLANG_WARN_INT_CONVERSION = YES;
				CLANG_WARN_OBJC_ROOT_CLASS = YES_ERROR;
				CLANG_WARN_SUSPICIOUS_MOVES = YES;
				CLANG_WARN_UNREACHABLE_CODE = YES;
				CLANG_WARN__DUPLICATE_METHOD_MATCH = YES;
				"CODE_SIGN_IDENTITY[sdk=iphoneos*]" = "iPhone Developer";
				COPY_PHASE_STRIP = NO;
				DEBUG_INFORMATION_FORMAT = "dwarf-with-dsym";
				ENABLE_NS_ASSERTIONS = NO;
				ENABLE_STRICT_OBJC_MSGSEND = YES;
				GCC_C_LANGUAGE_STANDARD = gnu99;
				GCC_NO_COMMON_BLOCKS = YES;
				GCC_WARN_64_TO_32_BIT_CONVERSION = YES;
				GCC_WARN_ABOUT_RETURN_TYPE = YES_ERROR;
				GCC_WARN_UNDECLARED_SELECTOR = YES;
				GCC_WARN_UNINITIALIZED_AUTOS = YES_AGGRESSIVE;
				GCC_WARN_UNUSED_FUNCTION = YES;
				GCC_WARN_UNUSED_VARIABLE = YES;
				IPHONEOS_DEPLOYMENT_TARGET = 10.1;
				MTL_ENABLE_DEBUG_INFO = NO;
				SDKROOT = iphoneos;
				TARGETED_DEVICE_FAMILY = "1,2";
				VALIDATE_PRODUCT = YES;
			};
			name = Release;
		};
		611886471DEF3B560087A57E /* Debug */ = {
			isa = XCBuildConfiguration;
			buildSettings = {
				ASSETCATALOG_COMPILER_APPICON_NAME = AppIcon;
				DEVELOPMENT_TEAM = 76GXMPM24B;
				INFOPLIST_FILE = NotificationTest/Info.plist;
				LD_RUNPATH_SEARCH_PATHS = "$(inherited) @executable_path/Frameworks";
				PRODUCT_BUNDLE_IDENTIFIER = koc.NotificationTest;
				PRODUCT_NAME = "$(TARGET_NAME)";
			};
			name = Debug;
		};
		611886481DEF3B560087A57E /* Release */ = {
			isa = XCBuildConfiguration;
			buildSettings = {
				ASSETCATALOG_COMPILER_APPICON_NAME = AppIcon;
				DEVELOPMENT_TEAM = 76GXMPM24B;
				INFOPLIST_FILE = NotificationTest/Info.plist;
				LD_RUNPATH_SEARCH_PATHS = "$(inherited) @executable_path/Frameworks";
				PRODUCT_BUNDLE_IDENTIFIER = koc.NotificationTest;
				PRODUCT_NAME = "$(TARGET_NAME)";
			};
			name = Release;
		};
		6118864A1DEF3B560087A57E /* Debug */ = {
			isa = XCBuildConfiguration;
			buildSettings = {
				BUNDLE_LOADER = "$(TEST_HOST)";
				DEVELOPMENT_TEAM = 76GXMPM24B;
				INFOPLIST_FILE = NotificationTestTests/Info.plist;
				LD_RUNPATH_SEARCH_PATHS = "$(inherited) @executable_path/Frameworks @loader_path/Frameworks";
				PRODUCT_BUNDLE_IDENTIFIER = koc.NotificationTestTests;
				PRODUCT_NAME = "$(TARGET_NAME)";
				TEST_HOST = "$(BUILT_PRODUCTS_DIR)/NotificationTest.app/NotificationTest";
			};
			name = Debug;
		};
		6118864B1DEF3B560087A57E /* Release */ = {
			isa = XCBuildConfiguration;
			buildSettings = {
				BUNDLE_LOADER = "$(TEST_HOST)";
				DEVELOPMENT_TEAM = 76GXMPM24B;
				INFOPLIST_FILE = NotificationTestTests/Info.plist;
				LD_RUNPATH_SEARCH_PATHS = "$(inherited) @executable_path/Frameworks @loader_path/Frameworks";
				PRODUCT_BUNDLE_IDENTIFIER = koc.NotificationTestTests;
				PRODUCT_NAME = "$(TARGET_NAME)";
				TEST_HOST = "$(BUILT_PRODUCTS_DIR)/NotificationTest.app/NotificationTest";
			};
			name = Release;
		};
		6118864D1DEF3B560087A57E /* Debug */ = {
			isa = XCBuildConfiguration;
			buildSettings = {
				DEVELOPMENT_TEAM = 76GXMPM24B;
				INFOPLIST_FILE = NotificationTestUITests/Info.plist;
				LD_RUNPATH_SEARCH_PATHS = "$(inherited) @executable_path/Frameworks @loader_path/Frameworks";
				PRODUCT_BUNDLE_IDENTIFIER = koc.NotificationTestUITests;
				PRODUCT_NAME = "$(TARGET_NAME)";
				TEST_TARGET_NAME = NotificationTest;
			};
			name = Debug;
		};
		6118864E1DEF3B560087A57E /* Release */ = {
			isa = XCBuildConfiguration;
			buildSettings = {
				DEVELOPMENT_TEAM = 76GXMPM24B;
				INFOPLIST_FILE = NotificationTestUITests/Info.plist;
				LD_RUNPATH_SEARCH_PATHS = "$(inherited) @executable_path/Frameworks @loader_path/Frameworks";
				PRODUCT_BUNDLE_IDENTIFIER = koc.NotificationTestUITests;
				PRODUCT_NAME = "$(TARGET_NAME)";
				TEST_TARGET_NAME = NotificationTest;
			};
			name = Release;
		};
		611886651DEF3B810087A57E /* Debug */ = {
			isa = XCBuildConfiguration;
			buildSettings = {
				DEVELOPMENT_TEAM = 76GXMPM24B;
				INFOPLIST_FILE = NotificationCrash/Info.plist;
				LD_RUNPATH_SEARCH_PATHS = "$(inherited) @executable_path/Frameworks @executable_path/../../Frameworks";
				PRODUCT_BUNDLE_IDENTIFIER = koc.NotificationTest.NotificationCrash;
				PRODUCT_NAME = "$(TARGET_NAME)";
				SKIP_INSTALL = YES;
			};
			name = Debug;
		};
		611886661DEF3B810087A57E /* Release */ = {
			isa = XCBuildConfiguration;
			buildSettings = {
				DEVELOPMENT_TEAM = 76GXMPM24B;
				INFOPLIST_FILE = NotificationCrash/Info.plist;
				LD_RUNPATH_SEARCH_PATHS = "$(inherited) @executable_path/Frameworks @executable_path/../../Frameworks";
				PRODUCT_BUNDLE_IDENTIFIER = koc.NotificationTest.NotificationCrash;
				PRODUCT_NAME = "$(TARGET_NAME)";
				SKIP_INSTALL = YES;
			};
			name = Release;
		};
/* End XCBuildConfiguration section */

/* Begin XCConfigurationList section */
		611886141DEF3B550087A57E /* Build configuration list for PBXProject "NotificationTest" */ = {
			isa = XCConfigurationList;
			buildConfigurations = (
				611886441DEF3B560087A57E /* Debug */,
				611886451DEF3B560087A57E /* Release */,
			);
			defaultConfigurationIsVisible = 0;
			defaultConfigurationName = Release;
		};
		611886461DEF3B560087A57E /* Build configuration list for PBXNativeTarget "NotificationTest" */ = {
			isa = XCConfigurationList;
			buildConfigurations = (
				611886471DEF3B560087A57E /* Debug */,
				611886481DEF3B560087A57E /* Release */,
			);
			defaultConfigurationIsVisible = 0;
		};
		611886491DEF3B560087A57E /* Build configuration list for PBXNativeTarget "NotificationTestTests" */ = {
			isa = XCConfigurationList;
			buildConfigurations = (
				6118864A1DEF3B560087A57E /* Debug */,
				6118864B1DEF3B560087A57E /* Release */,
			);
			defaultConfigurationIsVisible = 0;
		};
		6118864C1DEF3B560087A57E /* Build configuration list for PBXNativeTarget "NotificationTestUITests" */ = {
			isa = XCConfigurationList;
			buildConfigurations = (
				6118864D1DEF3B560087A57E /* Debug */,
				6118864E1DEF3B560087A57E /* Release */,
			);
			defaultConfigurationIsVisible = 0;
		};
		611886641DEF3B810087A57E /* Build configuration list for PBXNativeTarget "NotificationCrash" */ = {
			isa = XCConfigurationList;
			buildConfigurations = (
				611886651DEF3B810087A57E /* Debug */,
				611886661DEF3B810087A57E /* Release */,
			);
			defaultConfigurationIsVisible = 0;
		};
/* End XCConfigurationList section */
	};
	rootObject = 611886111DEF3B550087A57E /* Project object */;
}
